
Microsoft Visual Studio Solution File, Format Version 12.00
# Visual Studio Version 16
VisualStudioVersion = 16.0.29709.97
MinimumVisualStudioVersion = 10.0.40219.1
Project("{9A19103F-16F7-4668-BE54-9A1E7A4F7556}") = "WC.Logger", "Logger\WC.Logger.csproj", "{7BBF5085-1195-4EA4-879A-4F9B0BB3A622}"
EndProject
Project("{9A19103F-16F7-4668-BE54-9A1E7A4F7556}") = "WC.API", "WC.API\WC.API.csproj", "{DD105104-4D7E-4CCF-9975-53F8EDAA4A5A}"
EndProject
Project("{FAE04EC0-301F-11D3-BF4B-00C04F79EFBC}") = "WC", "WC\WC.csproj", "{12734CB8-DB17-4C86-A315-14C0BCAC0B26}"
EndProject
Global
	GlobalSection(SolutionConfigurationPlatforms) = preSolution
		Debug|Any CPU = Debug|Any CPU
		Release|Any CPU = Release|Any CPU
	EndGlobalSection
	GlobalSection(ProjectConfigurationPlatforms) = postSolution
		{7BBF5085-1195-4EA4-879A-4F9B0BB3A622}.Debug|Any CPU.ActiveCfg = Debug|Any CPU
		{7BBF5085-1195-4EA4-879A-4F9B0BB3A622}.Debug|Any CPU.Build.0 = Debug|Any CPU
		{7BBF5085-1195-4EA4-879A-4F9B0BB3A622}.Release|Any CPU.ActiveCfg = Release|Any CPU
		{7BBF5085-1195-4EA4-879A-4F9B0BB3A622}.Release|Any CPU.Build.0 = Release|Any CPU
		{DD105104-4D7E-4CCF-9975-53F8EDAA4A5A}.Debug|Any CPU.ActiveCfg = Debug|Any CPU
		{DD105104-4D7E-4CCF-9975-53F8EDAA4A5A}.Debug|Any CPU.Build.0 = Debug|Any CPU
		{DD105104-4D7E-4CCF-9975-53F8EDAA4A5A}.Release|Any CPU.ActiveCfg = Release|Any CPU
		{DD105104-4D7E-4CCF-9975-53F8EDAA4A5A}.Release|Any CPU.Build.0 = Release|Any CPU
		{12734CB8-DB17-4C86-A315-14C0BCAC0B26}.Debug|Any CPU.ActiveCfg = Debug|Any CPU
		{12734CB8-DB17-4C86-A315-14C0BCAC0B26}.Debug|Any CPU.Build.0 = Debug|Any CPU
		{12734CB8-DB17-4C86-A315-14C0BCAC0B26}.Release|Any CPU.ActiveCfg = Release|Any CPU
		{12734CB8-DB17-4C86-A315-14C0BCAC0B26}.Release|Any CPU.Build.0 = Release|Any CPU
	EndGlobalSection
	GlobalSection(SolutionProperties) = preSolution
		HideSolutionNode = FALSE
	EndGlobalSection
	GlobalSection(ExtensibilityGlobals) = postSolution
		SolutionGuid = {93A43C2D-2923-4B92-8F3A-93F5FFBCCEB9}
	EndGlobalSection
EndGlobal
